# This file is automatically @generated by Wally.
# It is not intended for manual editing.
registry = "test"

[[package]]
name = "blinkybool/feather"
version = "0.2.1"
dependencies = []

[[package]]
name = "csqrl/sift"
version = "0.0.4"
dependencies = []

[[package]]
name = "elttob/fusion"
version = "0.2.0"
dependencies = []

[[package]]
name = "evaera/promise"
version = "4.0.0"
dependencies = []

[[package]]
name = "gameanalytics/gameanalytics-sdk"
version = "2.2.2"
dependencies = []

[[package]]
name = "metauni/metaboard"
version = "1.5.0-rc1"
dependencies = [["Feather", "blinkybool/feather@0.2.1"], ["Promise", "evaera/promise@4.0.0"], ["Roact", "roblox/roact@1.4.4"], ["Sift", "csqrl/sift@0.0.4"]]

[[package]]
name = "metauni/metaunios"
version = "0.1.0"
dependencies = [["Feather", "blinkybool/feather@0.2.1"], ["Fusion", "elttob/fusion@0.2.0"], ["GameAnalytics", "gameanalytics/gameanalytics-sdk@2.2.2"], ["GoodSignal", "stravant/goodsignal@0.2.1"], ["Promise", "evaera/promise@4.0.0"], ["Roact", "roblox/roact@1.4.4"], ["Sift", "csqrl/sift@0.0.4"], ["metaboard", "metauni/metaboard@1.5.0-rc1"], ["t", "osyrisrblx/t@3.0.0"]]

[[package]]
name = "osyrisrblx/t"
version = "3.0.0"
dependencies = []

[[package]]
name = "roblox/roact"
version = "1.4.4"
dependencies = []

[[package]]
name = "stravant/goodsignal"
version = "0.2.1"
dependencies = []
